
Microsoft Visual Studio Solution File, Format Version 12.00
Project("{FAE04EC0-301F-11D3-BF4B-00C04F79EFBC}") = "ValorDolarHoy", "ValorDolarHoy\ValorDolarHoy.csproj", "{9CCEF262-3CC6-4D23-98D8-AE4CE41FF561}"
EndProject
Project("{FAE04EC0-301F-11D3-BF4B-00C04F79EFBC}") = "ValorDolarHoy.Services", "ValorDolarHoy.Services\ValorDolarHoy.Services.csproj", "{0783926A-0B19-4CD8-81C4-BA037D618075}"
EndProject
Global
	GlobalSection(SolutionConfigurationPlatforms) = preSolution
		Debug|Any CPU = Debug|Any CPU
		Release|Any CPU = Release|Any CPU
	EndGlobalSection
	GlobalSection(ProjectConfigurationPlatforms) = postSolution
		{9CCEF262-3CC6-4D23-98D8-AE4CE41FF561}.Debug|Any CPU.ActiveCfg = Debug|Any CPU
		{9CCEF262-3CC6-4D23-98D8-AE4CE41FF561}.Debug|Any CPU.Build.0 = Debug|Any CPU
		{9CCEF262-3CC6-4D23-98D8-AE4CE41FF561}.Release|Any CPU.ActiveCfg = Release|Any CPU
		{9CCEF262-3CC6-4D23-98D8-AE4CE41FF561}.Release|Any CPU.Build.0 = Release|Any CPU
		{0783926A-0B19-4CD8-81C4-BA037D618075}.Debug|Any CPU.ActiveCfg = Debug|Any CPU
		{0783926A-0B19-4CD8-81C4-BA037D618075}.Debug|Any CPU.Build.0 = Debug|Any CPU
		{0783926A-0B19-4CD8-81C4-BA037D618075}.Release|Any CPU.ActiveCfg = Release|Any CPU
		{0783926A-0B19-4CD8-81C4-BA037D618075}.Release|Any CPU.Build.0 = Release|Any CPU
	EndGlobalSection
EndGlobal
