
Microsoft Visual Studio Solution File, Format Version 12.00
# Visual Studio Version 17
VisualStudioVersion = 17.0.31919.166
MinimumVisualStudioVersion = 10.0.40219.1
Project("{9A19103F-16F7-4668-BE54-9A1E7A4F7556}") = "ValorDolarHoy", "ValorDolarHoy\ValorDolarHoy.csproj", "{9CCEF262-3CC6-4D23-98D8-AE4CE41FF561}"
EndProject
Project("{9A19103F-16F7-4668-BE54-9A1E7A4F7556}") = "ValorDolarHoy.Test", "ValorDolarHoy.Test\ValorDolarHoy.Test.csproj", "{7AD72DF8-1821-4272-92DE-4079FBA84859}"
EndProject
Project("{2150E333-8FDC-42A3-9474-1A3956D46DE8}") = "tools", "tools", "{658D1138-6461-4024-A695-D483604E9D39}"
	ProjectSection(SolutionItems) = preProject
		.editorconfig = .editorconfig
		.gitignore = .gitignore
		build.cmd = build.cmd
		build.sh = build.sh
		coverage.sh = coverage.sh
		NuGet.Config = NuGet.Config
		.github\workflows\dotnet.yml = .github\workflows\dotnet.yml
		README.md = README.md
	EndProjectSection
EndProject
Project("{9A19103F-16F7-4668-BE54-9A1E7A4F7556}") = "ValorDolarHoy.Core", "ValorDolarHoy.Core\ValorDolarHoy.Core.csproj", "{81799879-8A00-45B4-BEB6-78EE2C198EE4}"
EndProject
Project("{2150E333-8FDC-42A3-9474-1A3956D46DE8}") = ".github", ".github", "{B7DE2C98-0FC7-41DA-9DC7-C729E503FDFC}"
	ProjectSection(SolutionItems) = preProject
		.github\workflows\codeql-analysis.yml = .github\workflows\codeql-analysis.yml
		.github\workflows\dotnet.yml = .github\workflows\dotnet.yml
		.github\dependabot.yml = .github\dependabot.yml
	EndProjectSection
EndProject
Global
	GlobalSection(SolutionConfigurationPlatforms) = preSolution
		Debug|Any CPU = Debug|Any CPU
		Release|Any CPU = Release|Any CPU
	EndGlobalSection
	GlobalSection(ProjectConfigurationPlatforms) = postSolution
		{9CCEF262-3CC6-4D23-98D8-AE4CE41FF561}.Debug|Any CPU.ActiveCfg = Debug|Any CPU
		{9CCEF262-3CC6-4D23-98D8-AE4CE41FF561}.Debug|Any CPU.Build.0 = Debug|Any CPU
		{9CCEF262-3CC6-4D23-98D8-AE4CE41FF561}.Release|Any CPU.ActiveCfg = Release|Any CPU
		{9CCEF262-3CC6-4D23-98D8-AE4CE41FF561}.Release|Any CPU.Build.0 = Release|Any CPU
		{7AD72DF8-1821-4272-92DE-4079FBA84859}.Debug|Any CPU.ActiveCfg = Debug|Any CPU
		{7AD72DF8-1821-4272-92DE-4079FBA84859}.Debug|Any CPU.Build.0 = Debug|Any CPU
		{7AD72DF8-1821-4272-92DE-4079FBA84859}.Release|Any CPU.ActiveCfg = Release|Any CPU
		{7AD72DF8-1821-4272-92DE-4079FBA84859}.Release|Any CPU.Build.0 = Release|Any CPU
		{81799879-8A00-45B4-BEB6-78EE2C198EE4}.Debug|Any CPU.ActiveCfg = Debug|Any CPU
		{81799879-8A00-45B4-BEB6-78EE2C198EE4}.Debug|Any CPU.Build.0 = Debug|Any CPU
		{81799879-8A00-45B4-BEB6-78EE2C198EE4}.Release|Any CPU.ActiveCfg = Release|Any CPU
		{81799879-8A00-45B4-BEB6-78EE2C198EE4}.Release|Any CPU.Build.0 = Release|Any CPU
	EndGlobalSection
	GlobalSection(SolutionProperties) = preSolution
		HideSolutionNode = FALSE
	EndGlobalSection
	GlobalSection(ExtensibilityGlobals) = postSolution
		SolutionGuid = {91FDE9E1-D16B-4FBF-9AA5-07BD08CDC2A1}
	EndGlobalSection
	GlobalSection(NestedProjects) = preSolution
		{B7DE2C98-0FC7-41DA-9DC7-C729E503FDFC} = {658D1138-6461-4024-A695-D483604E9D39}
	EndGlobalSection
EndGlobal
